
Microsoft Visual Studio Solution File, Format Version 11.00
# Visual Studio 2010
Project("{FAE04EC0-301F-11D3-BF4B-00C04F79EFBC}") = "PracTest2", "PracTest2\PracTest2.csproj", "{562B7412-7AB4-401E-A224-89FC0C5A4ED8}"
EndProject
Global
	GlobalSection(SolutionConfigurationPlatforms) = preSolution
		Debug|x86 = Debug|x86
		Release|x86 = Release|x86
	EndGlobalSection
	GlobalSection(ProjectConfigurationPlatforms) = postSolution
		{562B7412-7AB4-401E-A224-89FC0C5A4ED8}.Debug|x86.ActiveCfg = Debug|x86
		{562B7412-7AB4-401E-A224-89FC0C5A4ED8}.Debug|x86.Build.0 = Debug|x86
		{562B7412-7AB4-401E-A224-89FC0C5A4ED8}.Release|x86.ActiveCfg = Release|x86
		{562B7412-7AB4-401E-A224-89FC0C5A4ED8}.Release|x86.Build.0 = Release|x86
	EndGlobalSection
	GlobalSection(SolutionProperties) = preSolution
		HideSolutionNode = FALSE
	EndGlobalSection
EndGlobal
